
Microsoft Visual Studio Solution File, Format Version 12.00
# Visual Studio 15
VisualStudioVersion = 15.0.28307.271
MinimumVisualStudioVersion = 10.0.40219.1
Project("{FAE04EC0-301F-11D3-BF4B-00C04F79EFBC}") = "TreeExample", "TreeExample\TreeExample.csproj", "{0B5F18F4-44AB-431B-A5C1-39E033FF340F}"
EndProject
Global
	GlobalSection(SolutionConfigurationPlatforms) = preSolution
		Debug|Any CPU = Debug|Any CPU
		Release|Any CPU = Release|Any CPU
	EndGlobalSection
	GlobalSection(ProjectConfigurationPlatforms) = postSolution
		{0B5F18F4-44AB-431B-A5C1-39E033FF340F}.Debug|Any CPU.ActiveCfg = Debug|Any CPU
		{0B5F18F4-44AB-431B-A5C1-39E033FF340F}.Debug|Any CPU.Build.0 = Debug|Any CPU
		{0B5F18F4-44AB-431B-A5C1-39E033FF340F}.Release|Any CPU.ActiveCfg = Release|Any CPU
		{0B5F18F4-44AB-431B-A5C1-39E033FF340F}.Release|Any CPU.Build.0 = Release|Any CPU
	EndGlobalSection
	GlobalSection(SolutionProperties) = preSolution
		HideSolutionNode = FALSE
	EndGlobalSection
	GlobalSection(ExtensibilityGlobals) = postSolution
		SolutionGuid = {B030CF1E-B318-419C-A842-F1EB157A99FB}
	EndGlobalSection
EndGlobal
